
Microsoft Visual Studio Solution File, Format Version 12.00
# Visual Studio 15
VisualStudioVersion = 15.0.28307.1022
MinimumVisualStudioVersion = 10.0.40219.1
Project("{FAE04EC0-301F-11D3-BF4B-00C04F79EFBC}") = "Whhim.Mdm", "Whhim.Mdm.csproj", "{1BCC7A9E-7F93-4333-BFD4-3C57EE2AE526}"
EndProject
Global
	GlobalSection(SolutionConfigurationPlatforms) = preSolution
		Debug|Any CPU = Debug|Any CPU
		Release|Any CPU = Release|Any CPU
	EndGlobalSection
	GlobalSection(ProjectConfigurationPlatforms) = postSolution
		{1BCC7A9E-7F93-4333-BFD4-3C57EE2AE526}.Debug|Any CPU.ActiveCfg = Debug|Any CPU
		{1BCC7A9E-7F93-4333-BFD4-3C57EE2AE526}.Debug|Any CPU.Build.0 = Debug|Any CPU
		{1BCC7A9E-7F93-4333-BFD4-3C57EE2AE526}.Release|Any CPU.ActiveCfg = Release|Any CPU
		{1BCC7A9E-7F93-4333-BFD4-3C57EE2AE526}.Release|Any CPU.Build.0 = Release|Any CPU
	EndGlobalSection
	GlobalSection(SolutionProperties) = preSolution
		HideSolutionNode = FALSE
	EndGlobalSection
	GlobalSection(ExtensibilityGlobals) = postSolution
		SolutionGuid = {8CC1EEC5-91BD-40D6-993C-FD0482DA8D3D}
	EndGlobalSection
EndGlobal
